
Microsoft Visual Studio Solution File, Format Version 12.00
# Visual Studio Version 17
VisualStudioVersion = 17.13.35825.156 d17.13
MinimumVisualStudioVersion = 10.0.40219.1
Project("{FAE04EC0-301F-11D3-BF4B-00C04F79EFBC}") = "StudyTrackerAppVersion5", "StudyTrackerAppVersion5\StudyTrackerAppVersion5.csproj", "{09AC1F41-D065-49C4-9A53-24EE4D5814D1}"
EndProject
Global
	GlobalSection(SolutionConfigurationPlatforms) = preSolution
		Debug|Any CPU = Debug|Any CPU
		Release|Any CPU = Release|Any CPU
	EndGlobalSection
	GlobalSection(ProjectConfigurationPlatforms) = postSolution
		{09AC1F41-D065-49C4-9A53-24EE4D5814D1}.Debug|Any CPU.ActiveCfg = Debug|Any CPU
		{09AC1F41-D065-49C4-9A53-24EE4D5814D1}.Debug|Any CPU.Build.0 = Debug|Any CPU
		{09AC1F41-D065-49C4-9A53-24EE4D5814D1}.Release|Any CPU.ActiveCfg = Release|Any CPU
		{09AC1F41-D065-49C4-9A53-24EE4D5814D1}.Release|Any CPU.Build.0 = Release|Any CPU
	EndGlobalSection
	GlobalSection(SolutionProperties) = preSolution
		HideSolutionNode = FALSE
	EndGlobalSection
	GlobalSection(ExtensibilityGlobals) = postSolution
		SolutionGuid = {762FFE98-EB91-43EA-893B-59B0F3CA0D60}
	EndGlobalSection
EndGlobal
