
Microsoft Visual Studio Solution File, Format Version 12.00
# Visual Studio Version 17
VisualStudioVersion = 17.13.35825.156 d17.13
MinimumVisualStudioVersion = 10.0.40219.1
Project("{FAE04EC0-301F-11D3-BF4B-00C04F79EFBC}") = "StudyTrackerAppVersion3", "StudyTrackerAppVersion3\StudyTrackerAppVersion3.csproj", "{71AE44E2-553A-4DB9-B13A-15D6D20A98CC}"
EndProject
Global
	GlobalSection(SolutionConfigurationPlatforms) = preSolution
		Debug|Any CPU = Debug|Any CPU
		Release|Any CPU = Release|Any CPU
	EndGlobalSection
	GlobalSection(ProjectConfigurationPlatforms) = postSolution
		{71AE44E2-553A-4DB9-B13A-15D6D20A98CC}.Debug|Any CPU.ActiveCfg = Debug|Any CPU
		{71AE44E2-553A-4DB9-B13A-15D6D20A98CC}.Debug|Any CPU.Build.0 = Debug|Any CPU
		{71AE44E2-553A-4DB9-B13A-15D6D20A98CC}.Release|Any CPU.ActiveCfg = Release|Any CPU
		{71AE44E2-553A-4DB9-B13A-15D6D20A98CC}.Release|Any CPU.Build.0 = Release|Any CPU
	EndGlobalSection
	GlobalSection(SolutionProperties) = preSolution
		HideSolutionNode = FALSE
	EndGlobalSection
	GlobalSection(ExtensibilityGlobals) = postSolution
		SolutionGuid = {797584E2-2F3D-49FE-8B7E-C7CA9FF0E8B2}
	EndGlobalSection
EndGlobal
