
Microsoft Visual Studio Solution File, Format Version 12.00
# Visual Studio Version 17
VisualStudioVersion = 17.13.35825.156 d17.13
MinimumVisualStudioVersion = 10.0.40219.1
Project("{FAE04EC0-301F-11D3-BF4B-00C04F79EFBC}") = "Study_Tracker_App", "Study_Tracker_App\Study_Tracker_App.csproj", "{D4713C51-A325-416B-B71C-43FEFE65318C}"
EndProject
Global
	GlobalSection(SolutionConfigurationPlatforms) = preSolution
		Debug|Any CPU = Debug|Any CPU
		Release|Any CPU = Release|Any CPU
	EndGlobalSection
	GlobalSection(ProjectConfigurationPlatforms) = postSolution
		{D4713C51-A325-416B-B71C-43FEFE65318C}.Debug|Any CPU.ActiveCfg = Debug|Any CPU
		{D4713C51-A325-416B-B71C-43FEFE65318C}.Debug|Any CPU.Build.0 = Debug|Any CPU
		{D4713C51-A325-416B-B71C-43FEFE65318C}.Release|Any CPU.ActiveCfg = Release|Any CPU
		{D4713C51-A325-416B-B71C-43FEFE65318C}.Release|Any CPU.Build.0 = Release|Any CPU
	EndGlobalSection
	GlobalSection(SolutionProperties) = preSolution
		HideSolutionNode = FALSE
	EndGlobalSection
	GlobalSection(ExtensibilityGlobals) = postSolution
		SolutionGuid = {F0C3BED4-868D-422D-896C-083637CB6CD4}
	EndGlobalSection
EndGlobal
